{
  "object": {
    "pins": [
      {
        "package": "SwiftSDLWrapper",
        "repositoryURL": "https://github.com/rturo20/SwiftSDLWrapper.git",
        "state": {
          "branch": "main",
          "revision": "954484599aa259efa99fccd79b5bcdd6429c5f37",
          "version": null
        }
      }
    ]
  },
  "version": 1
}
